// !$*UTF8*$!
{
	archiveVersion = 1;
	classes = {
	};
	objectVersion = 46;
	objects = {

/* Begin PBXBuildFile section */
		B43EB6431B280E39005FA4DF /* ActivityIndicatorViewController.h in Headers */ = {isa = PBXBuildFile; fileRef = B4D9F4051B27CA0A005AAE07 /* ActivityIndicatorViewController.h */; settings = {ATTRIBUTES = (Public, ); }; };
		B43EB6441B280E3A005FA4DF /* ActivityIndicatorPopUp.h in Headers */ = {isa = PBXBuildFile; fileRef = B4D9F40A1B27CA18005AAE07 /* ActivityIndicatorPopUp.h */; settings = {ATTRIBUTES = (Public, ); }; };
		B43EB6451B280E3A005FA4DF /* TAPopUp.h in Headers */ = {isa = PBXBuildFile; fileRef = B4D9F40D1B27CA26005AAE07 /* TAPopUp.h */; settings = {ATTRIBUTES = (Public, ); }; };
		B43EB6461B280E3A005FA4DF /* UIViewController+TAPopUp.h in Headers */ = {isa = PBXBuildFile; fileRef = B4D9F40F1B27CA26005AAE07 /* UIViewController+TAPopUp.h */; settings = {ATTRIBUTES = (Public, ); }; };
		B4D9F4081B27CA0A005AAE07 /* ActivityIndicatorViewController.m in Sources */ = {isa = PBXBuildFile; fileRef = B4D9F4061B27CA0A005AAE07 /* ActivityIndicatorViewController.m */; };
		B4D9F4091B27CA0A005AAE07 /* ActivityIndicatorViewController.xib in Resources */ = {isa = PBXBuildFile; fileRef = B4D9F4071B27CA0A005AAE07 /* ActivityIndicatorViewController.xib */; };
		B4D9F40C1B27CA18005AAE07 /* ActivityIndicatorPopUp.m in Sources */ = {isa = PBXBuildFile; fileRef = B4D9F40B1B27CA18005AAE07 /* ActivityIndicatorPopUp.m */; };
		B4D9F4111B27CA26005AAE07 /* TAPopUp.m in Sources */ = {isa = PBXBuildFile; fileRef = B4D9F40E1B27CA26005AAE07 /* TAPopUp.m */; };
		B4D9F4121B27CA26005AAE07 /* UIViewController+TAPopUp.m in Sources */ = {isa = PBXBuildFile; fileRef = B4D9F4101B27CA26005AAE07 /* UIViewController+TAPopUp.m */; };
		B4D9F4241B27CC52005AAE07 /* TaKits.h in CopyFiles */ = {isa = PBXBuildFile; fileRef = B4D9F4231B27CC52005AAE07 /* TaKits.h */; };
		B4D9F4261B27CC52005AAE07 /* TaKits.m in Sources */ = {isa = PBXBuildFile; fileRef = B4D9F4251B27CC52005AAE07 /* TaKits.m */; };
		B4D9F4381B27CC80005AAE07 /* ActivityIndicatorViewController.m in Sources */ = {isa = PBXBuildFile; fileRef = B4D9F4061B27CA0A005AAE07 /* ActivityIndicatorViewController.m */; };
		B4D9F4391B27CC80005AAE07 /* ActivityIndicatorPopUp.m in Sources */ = {isa = PBXBuildFile; fileRef = B4D9F40B1B27CA18005AAE07 /* ActivityIndicatorPopUp.m */; };
		B4D9F43A1B27CC80005AAE07 /* TAPopUp.m in Sources */ = {isa = PBXBuildFile; fileRef = B4D9F40E1B27CA26005AAE07 /* TAPopUp.m */; };
		B4D9F43B1B27CC80005AAE07 /* UIViewController+TAPopUp.m in Sources */ = {isa = PBXBuildFile; fileRef = B4D9F4101B27CA26005AAE07 /* UIViewController+TAPopUp.m */; };
		F49053C31B23004400A35E81 /* main.m in Sources */ = {isa = PBXBuildFile; fileRef = F49053C21B23004400A35E81 /* main.m */; };
		F49053C61B23004400A35E81 /* AppDelegate.m in Sources */ = {isa = PBXBuildFile; fileRef = F49053C51B23004400A35E81 /* AppDelegate.m */; };
		F49053CC1B23004400A35E81 /* Main.storyboard in Resources */ = {isa = PBXBuildFile; fileRef = F49053CA1B23004400A35E81 /* Main.storyboard */; };
		F49053CE1B23004400A35E81 /* Images.xcassets in Resources */ = {isa = PBXBuildFile; fileRef = F49053CD1B23004400A35E81 /* Images.xcassets */; };
		F49053D11B23004400A35E81 /* LaunchScreen.xib in Resources */ = {isa = PBXBuildFile; fileRef = F49053CF1B23004400A35E81 /* LaunchScreen.xib */; };
/* End PBXBuildFile section */

/* Begin PBXCopyFilesBuildPhase section */
		B4D9F41F1B27CC52005AAE07 /* CopyFiles */ = {
			isa = PBXCopyFilesBuildPhase;
			buildActionMask = 2147483647;
			dstPath = "include/$(PRODUCT_NAME)";
			dstSubfolderSpec = 16;
			files = (
				B4D9F4241B27CC52005AAE07 /* TaKits.h in CopyFiles */,
			);
			runOnlyForDeploymentPostprocessing = 0;
		};
/* End PBXCopyFilesBuildPhase section */

/* Begin PBXFileReference section */
		B4D9F4051B27CA0A005AAE07 /* ActivityIndicatorViewController.h */ = {isa = PBXFileReference; fileEncoding = 4; lastKnownFileType = sourcecode.c.h; path = ActivityIndicatorViewController.h; sourceTree = "<group>"; };
		B4D9F4061B27CA0A005AAE07 /* ActivityIndicatorViewController.m */ = {isa = PBXFileReference; fileEncoding = 4; lastKnownFileType = sourcecode.c.objc; path = ActivityIndicatorViewController.m; sourceTree = "<group>"; };
		B4D9F4071B27CA0A005AAE07 /* ActivityIndicatorViewController.xib */ = {isa = PBXFileReference; fileEncoding = 4; lastKnownFileType = file.xib; path = ActivityIndicatorViewController.xib; sourceTree = "<group>"; };
		B4D9F40A1B27CA18005AAE07 /* ActivityIndicatorPopUp.h */ = {isa = PBXFileReference; fileEncoding = 4; lastKnownFileType = sourcecode.c.h; path = ActivityIndicatorPopUp.h; sourceTree = "<group>"; };
		B4D9F40B1B27CA18005AAE07 /* ActivityIndicatorPopUp.m */ = {isa = PBXFileReference; fileEncoding = 4; lastKnownFileType = sourcecode.c.objc; path = ActivityIndicatorPopUp.m; sourceTree = "<group>"; };
		B4D9F40D1B27CA26005AAE07 /* TAPopUp.h */ = {isa = PBXFileReference; fileEncoding = 4; lastKnownFileType = sourcecode.c.h; path = TAPopUp.h; sourceTree = "<group>"; };
		B4D9F40E1B27CA26005AAE07 /* TAPopUp.m */ = {isa = PBXFileReference; fileEncoding = 4; lastKnownFileType = sourcecode.c.objc; path = TAPopUp.m; sourceTree = "<group>"; };
		B4D9F40F1B27CA26005AAE07 /* UIViewController+TAPopUp.h */ = {isa = PBXFileReference; fileEncoding = 4; lastKnownFileType = sourcecode.c.h; path = "UIViewController+TAPopUp.h"; sourceTree = "<group>"; };
		B4D9F4101B27CA26005AAE07 /* UIViewController+TAPopUp.m */ = {isa = PBXFileReference; fileEncoding = 4; lastKnownFileType = sourcecode.c.objc; path = "UIViewController+TAPopUp.m"; sourceTree = "<group>"; };
		B4D9F4211B27CC52005AAE07 /* libTaKits.a */ = {isa = PBXFileReference; explicitFileType = archive.ar; includeInIndex = 0; path = libTaKits.a; sourceTree = BUILT_PRODUCTS_DIR; };
		B4D9F4231B27CC52005AAE07 /* TaKits.h */ = {isa = PBXFileReference; lastKnownFileType = sourcecode.c.h; path = TaKits.h; sourceTree = "<group>"; };
		B4D9F4251B27CC52005AAE07 /* TaKits.m */ = {isa = PBXFileReference; lastKnownFileType = sourcecode.c.objc; path = TaKits.m; sourceTree = "<group>"; };
		F49053BD1B23004400A35E81 /* TAKit.app */ = {isa = PBXFileReference; explicitFileType = wrapper.application; includeInIndex = 0; path = TAKit.app; sourceTree = BUILT_PRODUCTS_DIR; };
		F49053C11B23004400A35E81 /* Info.plist */ = {isa = PBXFileReference; lastKnownFileType = text.plist.xml; path = Info.plist; sourceTree = "<group>"; };
		F49053C21B23004400A35E81 /* main.m */ = {isa = PBXFileReference; lastKnownFileType = sourcecode.c.objc; path = main.m; sourceTree = "<group>"; };
		F49053C41B23004400A35E81 /* AppDelegate.h */ = {isa = PBXFileReference; lastKnownFileType = sourcecode.c.h; path = AppDelegate.h; sourceTree = "<group>"; };
		F49053C51B23004400A35E81 /* AppDelegate.m */ = {isa = PBXFileReference; lastKnownFileType = sourcecode.c.objc; path = AppDelegate.m; sourceTree = "<group>"; };
		F49053CB1B23004400A35E81 /* Base */ = {isa = PBXFileReference; lastKnownFileType = file.storyboard; name = Base; path = Base.lproj/Main.storyboard; sourceTree = "<group>"; };
		F49053CD1B23004400A35E81 /* Images.xcassets */ = {isa = PBXFileReference; lastKnownFileType = folder.assetcatalog; path = Images.xcassets; sourceTree = "<group>"; };
		F49053D01B23004400A35E81 /* Base */ = {isa = PBXFileReference; lastKnownFileType = file.xib; name = Base; path = Base.lproj/LaunchScreen.xib; sourceTree = "<group>"; };
		F49053DB1B23004400A35E81 /* Info.plist */ = {isa = PBXFileReference; lastKnownFileType = text.plist.xml; path = Info.plist; sourceTree = "<group>"; };
		F49053DC1B23004500A35E81 /* TAKitTests.m */ = {isa = PBXFileReference; lastKnownFileType = sourcecode.c.objc; path = TAKitTests.m; sourceTree = "<group>"; };
/* End PBXFileReference section */

/* Begin PBXFrameworksBuildPhase section */
		B4D9F41E1B27CC52005AAE07 /* Frameworks */ = {
			isa = PBXFrameworksBuildPhase;
			buildActionMask = 2147483647;
			files = (
			);
			runOnlyForDeploymentPostprocessing = 0;
		};
		F49053BA1B23004400A35E81 /* Frameworks */ = {
			isa = PBXFrameworksBuildPhase;
			buildActionMask = 2147483647;
			files = (
			);
			runOnlyForDeploymentPostprocessing = 0;
		};
/* End PBXFrameworksBuildPhase section */

/* Begin PBXGroup section */
		B4D9F4221B27CC52005AAE07 /* TaKits */ = {
			isa = PBXGroup;
			children = (
				B4D9F4231B27CC52005AAE07 /* TaKits.h */,
				B4D9F4251B27CC52005AAE07 /* TaKits.m */,
			);
			path = TaKits;
			sourceTree = "<group>";
		};
		F49053B41B23004400A35E81 = {
			isa = PBXGroup;
			children = (
				F49053BF1B23004400A35E81 /* TAKit */,
				F49053D91B23004400A35E81 /* TAKitTests */,
				B4D9F4221B27CC52005AAE07 /* TaKits */,
				F49053BE1B23004400A35E81 /* Products */,
			);
			sourceTree = "<group>";
		};
		F49053BE1B23004400A35E81 /* Products */ = {
			isa = PBXGroup;
			children = (
				F49053BD1B23004400A35E81 /* TAKit.app */,
				B4D9F4211B27CC52005AAE07 /* libTaKits.a */,
			);
			name = Products;
			sourceTree = "<group>";
		};
		F49053BF1B23004400A35E81 /* TAKit */ = {
			isa = PBXGroup;
			children = (
				F49053C41B23004400A35E81 /* AppDelegate.h */,
				F49053C51B23004400A35E81 /* AppDelegate.m */,
				F49053CA1B23004400A35E81 /* Main.storyboard */,
				B4D9F4051B27CA0A005AAE07 /* ActivityIndicatorViewController.h */,
				B4D9F4061B27CA0A005AAE07 /* ActivityIndicatorViewController.m */,
				B4D9F4071B27CA0A005AAE07 /* ActivityIndicatorViewController.xib */,
				B4D9F40A1B27CA18005AAE07 /* ActivityIndicatorPopUp.h */,
				B4D9F40B1B27CA18005AAE07 /* ActivityIndicatorPopUp.m */,
				B4D9F40D1B27CA26005AAE07 /* TAPopUp.h */,
				B4D9F40E1B27CA26005AAE07 /* TAPopUp.m */,
				B4D9F40F1B27CA26005AAE07 /* UIViewController+TAPopUp.h */,
				B4D9F4101B27CA26005AAE07 /* UIViewController+TAPopUp.m */,
				F49053CD1B23004400A35E81 /* Images.xcassets */,
				F49053CF1B23004400A35E81 /* LaunchScreen.xib */,
				F49053C01B23004400A35E81 /* Supporting Files */,
			);
			path = TAKit;
			sourceTree = "<group>";
		};
		F49053C01B23004400A35E81 /* Supporting Files */ = {
			isa = PBXGroup;
			children = (
				F49053C11B23004400A35E81 /* Info.plist */,
				F49053C21B23004400A35E81 /* main.m */,
			);
			name = "Supporting Files";
			sourceTree = "<group>";
		};
		F49053D91B23004400A35E81 /* TAKitTests */ = {
			isa = PBXGroup;
			children = (
				F49053DC1B23004500A35E81 /* TAKitTests.m */,
				F49053DA1B23004400A35E81 /* Supporting Files */,
			);
			path = TAKitTests;
			sourceTree = "<group>";
		};
		F49053DA1B23004400A35E81 /* Supporting Files */ = {
			isa = PBXGroup;
			children = (
				F49053DB1B23004400A35E81 /* Info.plist */,
			);
			name = "Supporting Files";
			sourceTree = "<group>";
		};
/* End PBXGroup section */

/* Begin PBXHeadersBuildPhase section */
		B4D9F43C1B27CC8A005AAE07 /* Headers */ = {
			isa = PBXHeadersBuildPhase;
			buildActionMask = 2147483647;
			files = (
				B43EB6431B280E39005FA4DF /* ActivityIndicatorViewController.h in Headers */,
				B43EB6441B280E3A005FA4DF /* ActivityIndicatorPopUp.h in Headers */,
				B43EB6451B280E3A005FA4DF /* TAPopUp.h in Headers */,
				B43EB6461B280E3A005FA4DF /* UIViewController+TAPopUp.h in Headers */,
			);
			runOnlyForDeploymentPostprocessing = 0;
		};
/* End PBXHeadersBuildPhase section */

/* Begin PBXNativeTarget section */
		B4D9F4201B27CC52005AAE07 /* TaKits */ = {
			isa = PBXNativeTarget;
			buildConfigurationList = B4D9F4321B27CC52005AAE07 /* Build configuration list for PBXNativeTarget "TaKits" */;
			buildPhases = (
				B4D9F41D1B27CC52005AAE07 /* Sources */,
				B4D9F41E1B27CC52005AAE07 /* Frameworks */,
				B4D9F41F1B27CC52005AAE07 /* CopyFiles */,
				B4D9F43C1B27CC8A005AAE07 /* Headers */,
			);
			buildRules = (
			);
			dependencies = (
			);
			name = TaKits;
			productName = TaKits;
			productReference = B4D9F4211B27CC52005AAE07 /* libTaKits.a */;
			productType = "com.apple.product-type.library.static";
		};
		F49053BC1B23004400A35E81 /* TAKit */ = {
			isa = PBXNativeTarget;
			buildConfigurationList = F49053E01B23004500A35E81 /* Build configuration list for PBXNativeTarget "TAKit" */;
			buildPhases = (
				F49053B91B23004400A35E81 /* Sources */,
				F49053BA1B23004400A35E81 /* Frameworks */,
				F49053BB1B23004400A35E81 /* Resources */,
			);
			buildRules = (
			);
			dependencies = (
			);
			name = TAKit;
			productName = TAKit;
			productReference = F49053BD1B23004400A35E81 /* TAKit.app */;
			productType = "com.apple.product-type.application";
		};
/* End PBXNativeTarget section */

/* Begin PBXProject section */
		F49053B51B23004400A35E81 /* Project object */ = {
			isa = PBXProject;
			attributes = {
				LastUpgradeCheck = 0630;
				ORGANIZATIONNAME = tuananh;
				TargetAttributes = {
					B4D9F4201B27CC52005AAE07 = {
						CreatedOnToolsVersion = 6.3.2;
					};
					F49053BC1B23004400A35E81 = {
						CreatedOnToolsVersion = 6.3.1;
					};
				};
			};
			buildConfigurationList = F49053B81B23004400A35E81 /* Build configuration list for PBXProject "TAKit" */;
			compatibilityVersion = "Xcode 3.2";
			developmentRegion = English;
			hasScannedForEncodings = 0;
			knownRegions = (
				en,
				Base,
			);
			mainGroup = F49053B41B23004400A35E81;
			productRefGroup = F49053BE1B23004400A35E81 /* Products */;
			projectDirPath = "";
			projectRoot = "";
			targets = (
				F49053BC1B23004400A35E81 /* TAKit */,
				B4D9F4201B27CC52005AAE07 /* TaKits */,
			);
		};
/* End PBXProject section */

/* Begin PBXResourcesBuildPhase section */
		F49053BB1B23004400A35E81 /* Resources */ = {
			isa = PBXResourcesBuildPhase;
			buildActionMask = 2147483647;
			files = (
				F49053CC1B23004400A35E81 /* Main.storyboard in Resources */,
				B4D9F4091B27CA0A005AAE07 /* ActivityIndicatorViewController.xib in Resources */,
				F49053D11B23004400A35E81 /* LaunchScreen.xib in Resources */,
				F49053CE1B23004400A35E81 /* Images.xcassets in Resources */,
			);
			runOnlyForDeploymentPostprocessing = 0;
		};
/* End PBXResourcesBuildPhase section */

/* Begin PBXSourcesBuildPhase section */
		B4D9F41D1B27CC52005AAE07 /* Sources */ = {
			isa = PBXSourcesBuildPhase;
			buildActionMask = 2147483647;
			files = (
				B4D9F4261B27CC52005AAE07 /* TaKits.m in Sources */,
				B4D9F4381B27CC80005AAE07 /* ActivityIndicatorViewController.m in Sources */,
				B4D9F4391B27CC80005AAE07 /* ActivityIndicatorPopUp.m in Sources */,
				B4D9F43A1B27CC80005AAE07 /* TAPopUp.m in Sources */,
				B4D9F43B1B27CC80005AAE07 /* UIViewController+TAPopUp.m in Sources */,
			);
			runOnlyForDeploymentPostprocessing = 0;
		};
		F49053B91B23004400A35E81 /* Sources */ = {
			isa = PBXSourcesBuildPhase;
			buildActionMask = 2147483647;
			files = (
				B4D9F4111B27CA26005AAE07 /* TAPopUp.m in Sources */,
				B4D9F40C1B27CA18005AAE07 /* ActivityIndicatorPopUp.m in Sources */,
				F49053C61B23004400A35E81 /* AppDelegate.m in Sources */,
				F49053C31B23004400A35E81 /* main.m in Sources */,
				B4D9F4121B27CA26005AAE07 /* UIViewController+TAPopUp.m in Sources */,
				B4D9F4081B27CA0A005AAE07 /* ActivityIndicatorViewController.m in Sources */,
			);
			runOnlyForDeploymentPostprocessing = 0;
		};
/* End PBXSourcesBuildPhase section */

/* Begin PBXVariantGroup section */
		F49053CA1B23004400A35E81 /* Main.storyboard */ = {
			isa = PBXVariantGroup;
			children = (
				F49053CB1B23004400A35E81 /* Base */,
			);
			name = Main.storyboard;
			sourceTree = "<group>";
		};
		F49053CF1B23004400A35E81 /* LaunchScreen.xib */ = {
			isa = PBXVariantGroup;
			children = (
				F49053D01B23004400A35E81 /* Base */,
			);
			name = LaunchScreen.xib;
			sourceTree = "<group>";
		};
/* End PBXVariantGroup section */

/* Begin XCBuildConfiguration section */
		B4D9F4331B27CC52005AAE07 /* Debug */ = {
			isa = XCBuildConfiguration;
			buildSettings = {
				GCC_PREPROCESSOR_DEFINITIONS = (
					"DEBUG=1",
					"$(inherited)",
				);
				OTHER_LDFLAGS = "-ObjC";
				PRODUCT_NAME = "$(TARGET_NAME)";
				SKIP_INSTALL = YES;
			};
			name = Debug;
		};
		B4D9F4341B27CC52005AAE07 /* Release */ = {
			isa = XCBuildConfiguration;
			buildSettings = {
				OTHER_LDFLAGS = "-ObjC";
				PRODUCT_NAME = "$(TARGET_NAME)";
				SKIP_INSTALL = YES;
			};
			name = Release;
		};
		F49053DE1B23004500A35E81 /* Debug */ = {
			isa = XCBuildConfiguration;
			buildSettings = {
				ALWAYS_SEARCH_USER_PATHS = NO;
				CLANG_CXX_LANGUAGE_STANDARD = "gnu++0x";
				CLANG_CXX_LIBRARY = "libc++";
				CLANG_ENABLE_MODULES = YES;
				CLANG_ENABLE_OBJC_ARC = YES;
				CLANG_WARN_BOOL_CONVERSION = YES;
				CLANG_WARN_CONSTANT_CONVERSION = YES;
				CLANG_WARN_DIRECT_OBJC_ISA_USAGE = YES_ERROR;
				CLANG_WARN_EMPTY_BODY = YES;
				CLANG_WARN_ENUM_CONVERSION = YES;
				CLANG_WARN_INT_CONVERSION = YES;
				CLANG_WARN_OBJC_ROOT_CLASS = YES_ERROR;
				CLANG_WARN_UNREACHABLE_CODE = YES;
				CLANG_WARN__DUPLICATE_METHOD_MATCH = YES;
				"CODE_SIGN_IDENTITY[sdk=iphoneos*]" = "iPhone Developer";
				COPY_PHASE_STRIP = NO;
				DEBUG_INFORMATION_FORMAT = "dwarf-with-dsym";
				ENABLE_BITCODE = NO;
				ENABLE_STRICT_OBJC_MSGSEND = YES;
				GCC_C_LANGUAGE_STANDARD = gnu99;
				GCC_DYNAMIC_NO_PIC = NO;
				GCC_NO_COMMON_BLOCKS = YES;
				GCC_OPTIMIZATION_LEVEL = 0;
				GCC_PREPROCESSOR_DEFINITIONS = (
					"DEBUG=1",
					"$(inherited)",
				);
				GCC_SYMBOLS_PRIVATE_EXTERN = NO;
				GCC_WARN_64_TO_32_BIT_CONVERSION = YES;
				GCC_WARN_ABOUT_RETURN_TYPE = YES_ERROR;
				GCC_WARN_UNDECLARED_SELECTOR = YES;
				GCC_WARN_UNINITIALIZED_AUTOS = YES_AGGRESSIVE;
				GCC_WARN_UNUSED_FUNCTION = YES;
				GCC_WARN_UNUSED_VARIABLE = YES;
				IPHONEOS_DEPLOYMENT_TARGET = 7.0;
				MTL_ENABLE_DEBUG_INFO = YES;
				ONLY_ACTIVE_ARCH = YES;
				SDKROOT = iphoneos;
			};
			name = Debug;
		};
		F49053DF1B23004500A35E81 /* Release */ = {
			isa = XCBuildConfiguration;
			buildSettings = {
				ALWAYS_SEARCH_USER_PATHS = NO;
				CLANG_CXX_LANGUAGE_STANDARD = "gnu++0x";
				CLANG_CXX_LIBRARY = "libc++";
				CLANG_ENABLE_MODULES = YES;
				CLANG_ENABLE_OBJC_ARC = YES;
				CLANG_WARN_BOOL_CONVERSION = YES;
				CLANG_WARN_CONSTANT_CONVERSION = YES;
				CLANG_WARN_DIRECT_OBJC_ISA_USAGE = YES_ERROR;
				CLANG_WARN_EMPTY_BODY = YES;
				CLANG_WARN_ENUM_CONVERSION = YES;
				CLANG_WARN_INT_CONVERSION = YES;
				CLANG_WARN_OBJC_ROOT_CLASS = YES_ERROR;
				CLANG_WARN_UNREACHABLE_CODE = YES;
				CLANG_WARN__DUPLICATE_METHOD_MATCH = YES;
				"CODE_SIGN_IDENTITY[sdk=iphoneos*]" = "iPhone Developer";
				COPY_PHASE_STRIP = NO;
				DEBUG_INFORMATION_FORMAT = "dwarf-with-dsym";
				ENABLE_BITCODE = NO;
				ENABLE_NS_ASSERTIONS = NO;
				ENABLE_STRICT_OBJC_MSGSEND = YES;
				GCC_C_LANGUAGE_STANDARD = gnu99;
				GCC_NO_COMMON_BLOCKS = YES;
				GCC_WARN_64_TO_32_BIT_CONVERSION = YES;
				GCC_WARN_ABOUT_RETURN_TYPE = YES_ERROR;
				GCC_WARN_UNDECLARED_SELECTOR = YES;
				GCC_WARN_UNINITIALIZED_AUTOS = YES_AGGRESSIVE;
				GCC_WARN_UNUSED_FUNCTION = YES;
				GCC_WARN_UNUSED_VARIABLE = YES;
				IPHONEOS_DEPLOYMENT_TARGET = 7.0;
				MTL_ENABLE_DEBUG_INFO = NO;
				SDKROOT = iphoneos;
				VALIDATE_PRODUCT = YES;
			};
			name = Release;
		};
		F49053E11B23004500A35E81 /* Debug */ = {
			isa = XCBuildConfiguration;
			buildSettings = {
				ASSETCATALOG_COMPILER_APPICON_NAME = AppIcon;
				INFOPLIST_FILE = TAKit/Info.plist;
				LD_RUNPATH_SEARCH_PATHS = "$(inherited) @executable_path/Frameworks";
				PRODUCT_NAME = "$(TARGET_NAME)";
			};
			name = Debug;
		};
		F49053E21B23004500A35E81 /* Release */ = {
			isa = XCBuildConfiguration;
			buildSettings = {
				ASSETCATALOG_COMPILER_APPICON_NAME = AppIcon;
				INFOPLIST_FILE = TAKit/Info.plist;
				LD_RUNPATH_SEARCH_PATHS = "$(inherited) @executable_path/Frameworks";
				PRODUCT_NAME = "$(TARGET_NAME)";
			};
			name = Release;
		};
/* End XCBuildConfiguration section */

/* Begin XCConfigurationList section */
		B4D9F4321B27CC52005AAE07 /* Build configuration list for PBXNativeTarget "TaKits" */ = {
			isa = XCConfigurationList;
			buildConfigurations = (
				B4D9F4331B27CC52005AAE07 /* Debug */,
				B4D9F4341B27CC52005AAE07 /* Release */,
			);
			defaultConfigurationIsVisible = 0;
			defaultConfigurationName = Release;
		};
		F49053B81B23004400A35E81 /* Build configuration list for PBXProject "TAKit" */ = {
			isa = XCConfigurationList;
			buildConfigurations = (
				F49053DE1B23004500A35E81 /* Debug */,
				F49053DF1B23004500A35E81 /* Release */,
			);
			defaultConfigurationIsVisible = 0;
			defaultConfigurationName = Release;
		};
		F49053E01B23004500A35E81 /* Build configuration list for PBXNativeTarget "TAKit" */ = {
			isa = XCConfigurationList;
			buildConfigurations = (
				F49053E11B23004500A35E81 /* Debug */,
				F49053E21B23004500A35E81 /* Release */,
			);
			defaultConfigurationIsVisible = 0;
			defaultConfigurationName = Release;
		};
/* End XCConfigurationList section */
	};
	rootObject = F49053B51B23004400A35E81 /* Project object */;
}
